
Microsoft Visual Studio Solution File, Format Version 11.00
# Visual Studio 2010
Project("{FAE04EC0-301F-11D3-BF4B-00C04F79EFBC}") = "Assembly-CSharp", "Assembly-CSharp.csproj", "{4af55498-3d1a-d39e-ac9e-f338cc35697b}"
EndProject
Project("{FAE04EC0-301F-11D3-BF4B-00C04F79EFBC}") = "Assembly-CSharp-Editor", "Assembly-CSharp-Editor.csproj", "{1c5b6fbd-c9d6-de5f-c818-860082e14cee}"
EndProject
Global
	GlobalSection(SolutionConfigurationPlatforms) = preSolution
		Debug|Any CPU = Debug|Any CPU
	EndGlobalSection
	GlobalSection(ProjectConfigurationPlatforms) = postSolution
		{4af55498-3d1a-d39e-ac9e-f338cc35697b}.Debug|Any CPU.ActiveCfg = Debug|Any CPU
		{4af55498-3d1a-d39e-ac9e-f338cc35697b}.Debug|Any CPU.Build.0 = Debug|Any CPU
		{1c5b6fbd-c9d6-de5f-c818-860082e14cee}.Debug|Any CPU.ActiveCfg = Debug|Any CPU
		{1c5b6fbd-c9d6-de5f-c818-860082e14cee}.Debug|Any CPU.Build.0 = Debug|Any CPU
	EndGlobalSection
	GlobalSection(SolutionProperties) = preSolution
		HideSolutionNode = FALSE
	EndGlobalSection
EndGlobal
